
Microsoft Visual Studio Solution File, Format Version 12.00
# Visual Studio Version 17
VisualStudioVersion = 17.5.33530.505
MinimumVisualStudioVersion = 10.0.40219.1
Project("{FAE04EC0-301F-11D3-BF4B-00C04F79EFBC}") = "RankingApplication", "RankingApplication\RankingApplication.csproj", "{8C80839E-6A60-4CE4-A299-63527E61FAAF}"
EndProject
Global
	GlobalSection(SolutionConfigurationPlatforms) = preSolution
		Debug|Any CPU = Debug|Any CPU
		Release|Any CPU = Release|Any CPU
	EndGlobalSection
	GlobalSection(ProjectConfigurationPlatforms) = postSolution
		{8C80839E-6A60-4CE4-A299-63527E61FAAF}.Debug|Any CPU.ActiveCfg = Debug|Any CPU
		{8C80839E-6A60-4CE4-A299-63527E61FAAF}.Debug|Any CPU.Build.0 = Debug|Any CPU
		{8C80839E-6A60-4CE4-A299-63527E61FAAF}.Release|Any CPU.ActiveCfg = Release|Any CPU
		{8C80839E-6A60-4CE4-A299-63527E61FAAF}.Release|Any CPU.Build.0 = Release|Any CPU
	EndGlobalSection
	GlobalSection(SolutionProperties) = preSolution
		HideSolutionNode = FALSE
	EndGlobalSection
	GlobalSection(ExtensibilityGlobals) = postSolution
		SolutionGuid = {DC50BEE3-9CA5-49BB-8AD8-DE103BB27AC4}
	EndGlobalSection
EndGlobal
